// !$*UTF8*$!
{
	archiveVersion = 1;
	classes = {
	};
	objectVersion = 50;
	objects = {

/* Begin PBXBuildFile section */
		C01A59B423EECB43001D5F7D /* AlbumCell.swift in Sources */ = {isa = PBXBuildFile; fileRef = C01A59B323EECB43001D5F7D /* AlbumCell.swift */; };
		C01A59B623EECC59001D5F7D /* AlbumCellViewModel.swift in Sources */ = {isa = PBXBuildFile; fileRef = C01A59B523EECC59001D5F7D /* AlbumCellViewModel.swift */; };
		C0902B5423EEB8990022BC3F /* AppDelegate.swift in Sources */ = {isa = PBXBuildFile; fileRef = C0902B5323EEB8990022BC3F /* AppDelegate.swift */; };
		C0902B5623EEB8990022BC3F /* SceneDelegate.swift in Sources */ = {isa = PBXBuildFile; fileRef = C0902B5523EEB8990022BC3F /* SceneDelegate.swift */; };
		C0902B5823EEB8990022BC3F /* MainViewController.swift in Sources */ = {isa = PBXBuildFile; fileRef = C0902B5723EEB8990022BC3F /* MainViewController.swift */; };
		C0902B5D23EEB89A0022BC3F /* Assets.xcassets in Resources */ = {isa = PBXBuildFile; fileRef = C0902B5C23EEB89A0022BC3F /* Assets.xcassets */; };
		C0902B6023EEB89A0022BC3F /* LaunchScreen.storyboard in Resources */ = {isa = PBXBuildFile; fileRef = C0902B5E23EEB89A0022BC3F /* LaunchScreen.storyboard */; };
		C0902B6B23EEB89A0022BC3F /* TopHundredAlbumsTests.swift in Sources */ = {isa = PBXBuildFile; fileRef = C0902B6A23EEB89A0022BC3F /* TopHundredAlbumsTests.swift */; };
		C0902B7623EEB89A0022BC3F /* TopHundredAlbumsUITests.swift in Sources */ = {isa = PBXBuildFile; fileRef = C0902B7523EEB89A0022BC3F /* TopHundredAlbumsUITests.swift */; };
		C0902B8423EEBBE00022BC3F /* MainViewModel.swift in Sources */ = {isa = PBXBuildFile; fileRef = C0902B8323EEBBE00022BC3F /* MainViewModel.swift */; };
		C0902B8623EEBCA30022BC3F /* ApiService.swift in Sources */ = {isa = PBXBuildFile; fileRef = C0902B8523EEBCA30022BC3F /* ApiService.swift */; };
		C0902B8823EEC0460022BC3F /* Constants.swift in Sources */ = {isa = PBXBuildFile; fileRef = C0902B8723EEC0460022BC3F /* Constants.swift */; };
		C0DA242223EFF78C004F1A5A /* Lato-Black.ttf in Resources */ = {isa = PBXBuildFile; fileRef = C0DA241E23EFF619004F1A5A /* Lato-Black.ttf */; };
		C0DA242323EFF78C004F1A5A /* Lato-BlackItalic.ttf in Resources */ = {isa = PBXBuildFile; fileRef = C0DA241B23EFF619004F1A5A /* Lato-BlackItalic.ttf */; };
		C0DA242423EFF78C004F1A5A /* Lato-Bold.ttf in Resources */ = {isa = PBXBuildFile; fileRef = C0DA241F23EFF619004F1A5A /* Lato-Bold.ttf */; };
		C0DA242523EFF78C004F1A5A /* Lato-BoldItalic.ttf in Resources */ = {isa = PBXBuildFile; fileRef = C0DA241C23EFF619004F1A5A /* Lato-BoldItalic.ttf */; };
		C0DA242623EFF78C004F1A5A /* Lato-Italic.ttf in Resources */ = {isa = PBXBuildFile; fileRef = C0DA241D23EFF619004F1A5A /* Lato-Italic.ttf */; };
		C0DA242723EFF78C004F1A5A /* Lato-Light.ttf in Resources */ = {isa = PBXBuildFile; fileRef = C0DA241823EFF618004F1A5A /* Lato-Light.ttf */; };
		C0DA242823EFF78C004F1A5A /* Lato-LightItalic.ttf in Resources */ = {isa = PBXBuildFile; fileRef = C0DA242023EFF619004F1A5A /* Lato-LightItalic.ttf */; };
		C0DA242923EFF78C004F1A5A /* Lato-Regular.ttf in Resources */ = {isa = PBXBuildFile; fileRef = C0DA241923EFF618004F1A5A /* Lato-Regular.ttf */; };
		C0DA242A23EFF78C004F1A5A /* Lato-Thin.ttf in Resources */ = {isa = PBXBuildFile; fileRef = C0DA242123EFF619004F1A5A /* Lato-Thin.ttf */; };
		C0DA242B23EFF78C004F1A5A /* Lato-ThinItalic.ttf in Resources */ = {isa = PBXBuildFile; fileRef = C0DA241A23EFF619004F1A5A /* Lato-ThinItalic.ttf */; };
		C0DA242D23F01E24004F1A5A /* ApiServiceTests.swift in Sources */ = {isa = PBXBuildFile; fileRef = C0DA242C23F01E24004F1A5A /* ApiServiceTests.swift */; };
		C0DA242F23F02DDA004F1A5A /* AlbumDetailViewController.swift in Sources */ = {isa = PBXBuildFile; fileRef = C0DA242E23F02DDA004F1A5A /* AlbumDetailViewController.swift */; };
		C0DA243123F02EED004F1A5A /* AlbumDetailViewModel.swift in Sources */ = {isa = PBXBuildFile; fileRef = C0DA243023F02EED004F1A5A /* AlbumDetailViewModel.swift */; };
/* End PBXBuildFile section */

/* Begin PBXContainerItemProxy section */
		C0902B6723EEB89A0022BC3F /* PBXContainerItemProxy */ = {
			isa = PBXContainerItemProxy;
			containerPortal = C0902B4823EEB8990022BC3F /* Project object */;
			proxyType = 1;
			remoteGlobalIDString = C0902B4F23EEB8990022BC3F;
			remoteInfo = TopHundredAlbums;
		};
		C0902B7223EEB89A0022BC3F /* PBXContainerItemProxy */ = {
			isa = PBXContainerItemProxy;
			containerPortal = C0902B4823EEB8990022BC3F /* Project object */;
			proxyType = 1;
			remoteGlobalIDString = C0902B4F23EEB8990022BC3F;
			remoteInfo = TopHundredAlbums;
		};
/* End PBXContainerItemProxy section */

/* Begin PBXFileReference section */
		C01A59B323EECB43001D5F7D /* AlbumCell.swift */ = {isa = PBXFileReference; lastKnownFileType = sourcecode.swift; path = AlbumCell.swift; sourceTree = "<group>"; };
		C01A59B523EECC59001D5F7D /* AlbumCellViewModel.swift */ = {isa = PBXFileReference; lastKnownFileType = sourcecode.swift; path = AlbumCellViewModel.swift; sourceTree = "<group>"; };
		C0902B5023EEB8990022BC3F /* TopHundredAlbums.app */ = {isa = PBXFileReference; explicitFileType = wrapper.application; includeInIndex = 0; path = TopHundredAlbums.app; sourceTree = BUILT_PRODUCTS_DIR; };
		C0902B5323EEB8990022BC3F /* AppDelegate.swift */ = {isa = PBXFileReference; lastKnownFileType = sourcecode.swift; path = AppDelegate.swift; sourceTree = "<group>"; };
		C0902B5523EEB8990022BC3F /* SceneDelegate.swift */ = {isa = PBXFileReference; lastKnownFileType = sourcecode.swift; path = SceneDelegate.swift; sourceTree = "<group>"; };
		C0902B5723EEB8990022BC3F /* MainViewController.swift */ = {isa = PBXFileReference; lastKnownFileType = sourcecode.swift; path = MainViewController.swift; sourceTree = "<group>"; };
		C0902B5C23EEB89A0022BC3F /* Assets.xcassets */ = {isa = PBXFileReference; lastKnownFileType = folder.assetcatalog; path = Assets.xcassets; sourceTree = "<group>"; };
		C0902B5F23EEB89A0022BC3F /* Base */ = {isa = PBXFileReference; lastKnownFileType = file.storyboard; name = Base; path = Base.lproj/LaunchScreen.storyboard; sourceTree = "<group>"; };
		C0902B6123EEB89A0022BC3F /* Info.plist */ = {isa = PBXFileReference; lastKnownFileType = text.plist.xml; path = Info.plist; sourceTree = "<group>"; };
		C0902B6623EEB89A0022BC3F /* TopHundredAlbumsTests.xctest */ = {isa = PBXFileReference; explicitFileType = wrapper.cfbundle; includeInIndex = 0; path = TopHundredAlbumsTests.xctest; sourceTree = BUILT_PRODUCTS_DIR; };
		C0902B6A23EEB89A0022BC3F /* TopHundredAlbumsTests.swift */ = {isa = PBXFileReference; lastKnownFileType = sourcecode.swift; path = TopHundredAlbumsTests.swift; sourceTree = "<group>"; };
		C0902B6C23EEB89A0022BC3F /* Info.plist */ = {isa = PBXFileReference; lastKnownFileType = text.plist.xml; path = Info.plist; sourceTree = "<group>"; };
		C0902B7123EEB89A0022BC3F /* TopHundredAlbumsUITests.xctest */ = {isa = PBXFileReference; explicitFileType = wrapper.cfbundle; includeInIndex = 0; path = TopHundredAlbumsUITests.xctest; sourceTree = BUILT_PRODUCTS_DIR; };
		C0902B7523EEB89A0022BC3F /* TopHundredAlbumsUITests.swift */ = {isa = PBXFileReference; lastKnownFileType = sourcecode.swift; path = TopHundredAlbumsUITests.swift; sourceTree = "<group>"; };
		C0902B7723EEB89A0022BC3F /* Info.plist */ = {isa = PBXFileReference; lastKnownFileType = text.plist.xml; path = Info.plist; sourceTree = "<group>"; };
		C0902B8323EEBBE00022BC3F /* MainViewModel.swift */ = {isa = PBXFileReference; lastKnownFileType = sourcecode.swift; path = MainViewModel.swift; sourceTree = "<group>"; };
		C0902B8523EEBCA30022BC3F /* ApiService.swift */ = {isa = PBXFileReference; lastKnownFileType = sourcecode.swift; path = ApiService.swift; sourceTree = "<group>"; };
		C0902B8723EEC0460022BC3F /* Constants.swift */ = {isa = PBXFileReference; lastKnownFileType = sourcecode.swift; path = Constants.swift; sourceTree = "<group>"; };
		C0DA241823EFF618004F1A5A /* Lato-Light.ttf */ = {isa = PBXFileReference; lastKnownFileType = file; path = "Lato-Light.ttf"; sourceTree = "<group>"; };
		C0DA241923EFF618004F1A5A /* Lato-Regular.ttf */ = {isa = PBXFileReference; lastKnownFileType = file; path = "Lato-Regular.ttf"; sourceTree = "<group>"; };
		C0DA241A23EFF619004F1A5A /* Lato-ThinItalic.ttf */ = {isa = PBXFileReference; lastKnownFileType = file; path = "Lato-ThinItalic.ttf"; sourceTree = "<group>"; };
		C0DA241B23EFF619004F1A5A /* Lato-BlackItalic.ttf */ = {isa = PBXFileReference; lastKnownFileType = file; path = "Lato-BlackItalic.ttf"; sourceTree = "<group>"; };
		C0DA241C23EFF619004F1A5A /* Lato-BoldItalic.ttf */ = {isa = PBXFileReference; lastKnownFileType = file; path = "Lato-BoldItalic.ttf"; sourceTree = "<group>"; };
		C0DA241D23EFF619004F1A5A /* Lato-Italic.ttf */ = {isa = PBXFileReference; lastKnownFileType = file; path = "Lato-Italic.ttf"; sourceTree = "<group>"; };
		C0DA241E23EFF619004F1A5A /* Lato-Black.ttf */ = {isa = PBXFileReference; lastKnownFileType = file; path = "Lato-Black.ttf"; sourceTree = "<group>"; };
		C0DA241F23EFF619004F1A5A /* Lato-Bold.ttf */ = {isa = PBXFileReference; lastKnownFileType = file; path = "Lato-Bold.ttf"; sourceTree = "<group>"; };
		C0DA242023EFF619004F1A5A /* Lato-LightItalic.ttf */ = {isa = PBXFileReference; lastKnownFileType = file; path = "Lato-LightItalic.ttf"; sourceTree = "<group>"; };
		C0DA242123EFF619004F1A5A /* Lato-Thin.ttf */ = {isa = PBXFileReference; lastKnownFileType = file; path = "Lato-Thin.ttf"; sourceTree = "<group>"; };
		C0DA242C23F01E24004F1A5A /* ApiServiceTests.swift */ = {isa = PBXFileReference; lastKnownFileType = sourcecode.swift; path = ApiServiceTests.swift; sourceTree = "<group>"; };
		C0DA242E23F02DDA004F1A5A /* AlbumDetailViewController.swift */ = {isa = PBXFileReference; lastKnownFileType = sourcecode.swift; path = AlbumDetailViewController.swift; sourceTree = "<group>"; };
		C0DA243023F02EED004F1A5A /* AlbumDetailViewModel.swift */ = {isa = PBXFileReference; lastKnownFileType = sourcecode.swift; path = AlbumDetailViewModel.swift; sourceTree = "<group>"; };
/* End PBXFileReference section */

/* Begin PBXFrameworksBuildPhase section */
		C0902B4D23EEB8990022BC3F /* Frameworks */ = {
			isa = PBXFrameworksBuildPhase;
			buildActionMask = 2147483647;
			files = (
			);
			runOnlyForDeploymentPostprocessing = 0;
		};
		C0902B6323EEB89A0022BC3F /* Frameworks */ = {
			isa = PBXFrameworksBuildPhase;
			buildActionMask = 2147483647;
			files = (
			);
			runOnlyForDeploymentPostprocessing = 0;
		};
		C0902B6E23EEB89A0022BC3F /* Frameworks */ = {
			isa = PBXFrameworksBuildPhase;
			buildActionMask = 2147483647;
			files = (
			);
			runOnlyForDeploymentPostprocessing = 0;
		};
/* End PBXFrameworksBuildPhase section */

/* Begin PBXGroup section */
		C0902B4723EEB8990022BC3F = {
			isa = PBXGroup;
			children = (
				C0902B5223EEB8990022BC3F /* TopHundredAlbums */,
				C0902B6923EEB89A0022BC3F /* TopHundredAlbumsTests */,
				C0902B7423EEB89A0022BC3F /* TopHundredAlbumsUITests */,
				C0902B5123EEB8990022BC3F /* Products */,
			);
			sourceTree = "<group>";
		};
		C0902B5123EEB8990022BC3F /* Products */ = {
			isa = PBXGroup;
			children = (
				C0902B5023EEB8990022BC3F /* TopHundredAlbums.app */,
				C0902B6623EEB89A0022BC3F /* TopHundredAlbumsTests.xctest */,
				C0902B7123EEB89A0022BC3F /* TopHundredAlbumsUITests.xctest */,
			);
			name = Products;
			sourceTree = "<group>";
		};
		C0902B5223EEB8990022BC3F /* TopHundredAlbums */ = {
			isa = PBXGroup;
			children = (
				C0DA243523F031A4004F1A5A /* AlbumCell */,
				C0DA243423F03188004F1A5A /* AlbumDetail */,
				C0DA243323F0316E004F1A5A /* Main */,
				C0DA243223F0315F004F1A5A /* Service */,
				C0DA241723EFF601004F1A5A /* fonts */,
				C0902B8723EEC0460022BC3F /* Constants.swift */,
				C0902B5323EEB8990022BC3F /* AppDelegate.swift */,
				C0902B5523EEB8990022BC3F /* SceneDelegate.swift */,
				C0902B5C23EEB89A0022BC3F /* Assets.xcassets */,
				C0902B5E23EEB89A0022BC3F /* LaunchScreen.storyboard */,
				C0902B6123EEB89A0022BC3F /* Info.plist */,
			);
			path = TopHundredAlbums;
			sourceTree = "<group>";
		};
		C0902B6923EEB89A0022BC3F /* TopHundredAlbumsTests */ = {
			isa = PBXGroup;
			children = (
				C0DA242C23F01E24004F1A5A /* ApiServiceTests.swift */,
				C0902B6A23EEB89A0022BC3F /* TopHundredAlbumsTests.swift */,
				C0902B6C23EEB89A0022BC3F /* Info.plist */,
			);
			path = TopHundredAlbumsTests;
			sourceTree = "<group>";
		};
		C0902B7423EEB89A0022BC3F /* TopHundredAlbumsUITests */ = {
			isa = PBXGroup;
			children = (
				C0902B7523EEB89A0022BC3F /* TopHundredAlbumsUITests.swift */,
				C0902B7723EEB89A0022BC3F /* Info.plist */,
			);
			path = TopHundredAlbumsUITests;
			sourceTree = "<group>";
		};
		C0DA241723EFF601004F1A5A /* fonts */ = {
			isa = PBXGroup;
			children = (
				C0DA241E23EFF619004F1A5A /* Lato-Black.ttf */,
				C0DA241B23EFF619004F1A5A /* Lato-BlackItalic.ttf */,
				C0DA241F23EFF619004F1A5A /* Lato-Bold.ttf */,
				C0DA241C23EFF619004F1A5A /* Lato-BoldItalic.ttf */,
				C0DA241D23EFF619004F1A5A /* Lato-Italic.ttf */,
				C0DA241823EFF618004F1A5A /* Lato-Light.ttf */,
				C0DA242023EFF619004F1A5A /* Lato-LightItalic.ttf */,
				C0DA241923EFF618004F1A5A /* Lato-Regular.ttf */,
				C0DA242123EFF619004F1A5A /* Lato-Thin.ttf */,
				C0DA241A23EFF619004F1A5A /* Lato-ThinItalic.ttf */,
			);
			path = fonts;
			sourceTree = "<group>";
		};
		C0DA243223F0315F004F1A5A /* Service */ = {
			isa = PBXGroup;
			children = (
				C0902B8523EEBCA30022BC3F /* ApiService.swift */,
			);
			path = Service;
			sourceTree = "<group>";
		};
		C0DA243323F0316E004F1A5A /* Main */ = {
			isa = PBXGroup;
			children = (
				C0902B5723EEB8990022BC3F /* MainViewController.swift */,
				C0902B8323EEBBE00022BC3F /* MainViewModel.swift */,
			);
			path = Main;
			sourceTree = "<group>";
		};
		C0DA243423F03188004F1A5A /* AlbumDetail */ = {
			isa = PBXGroup;
			children = (
				C0DA242E23F02DDA004F1A5A /* AlbumDetailViewController.swift */,
				C0DA243023F02EED004F1A5A /* AlbumDetailViewModel.swift */,
			);
			path = AlbumDetail;
			sourceTree = "<group>";
		};
		C0DA243523F031A4004F1A5A /* AlbumCell */ = {
			isa = PBXGroup;
			children = (
				C01A59B323EECB43001D5F7D /* AlbumCell.swift */,
				C01A59B523EECC59001D5F7D /* AlbumCellViewModel.swift */,
			);
			path = AlbumCell;
			sourceTree = "<group>";
		};
/* End PBXGroup section */

/* Begin PBXNativeTarget section */
		C0902B4F23EEB8990022BC3F /* TopHundredAlbums */ = {
			isa = PBXNativeTarget;
			buildConfigurationList = C0902B7A23EEB89A0022BC3F /* Build configuration list for PBXNativeTarget "TopHundredAlbums" */;
			buildPhases = (
				C0902B4C23EEB8990022BC3F /* Sources */,
				C0902B4D23EEB8990022BC3F /* Frameworks */,
				C0902B4E23EEB8990022BC3F /* Resources */,
			);
			buildRules = (
			);
			dependencies = (
			);
			name = TopHundredAlbums;
			productName = TopHundredAlbums;
			productReference = C0902B5023EEB8990022BC3F /* TopHundredAlbums.app */;
			productType = "com.apple.product-type.application";
		};
		C0902B6523EEB89A0022BC3F /* TopHundredAlbumsTests */ = {
			isa = PBXNativeTarget;
			buildConfigurationList = C0902B7D23EEB89A0022BC3F /* Build configuration list for PBXNativeTarget "TopHundredAlbumsTests" */;
			buildPhases = (
				C0902B6223EEB89A0022BC3F /* Sources */,
				C0902B6323EEB89A0022BC3F /* Frameworks */,
				C0902B6423EEB89A0022BC3F /* Resources */,
			);
			buildRules = (
			);
			dependencies = (
				C0902B6823EEB89A0022BC3F /* PBXTargetDependency */,
			);
			name = TopHundredAlbumsTests;
			productName = TopHundredAlbumsTests;
			productReference = C0902B6623EEB89A0022BC3F /* TopHundredAlbumsTests.xctest */;
			productType = "com.apple.product-type.bundle.unit-test";
		};
		C0902B7023EEB89A0022BC3F /* TopHundredAlbumsUITests */ = {
			isa = PBXNativeTarget;
			buildConfigurationList = C0902B8023EEB89A0022BC3F /* Build configuration list for PBXNativeTarget "TopHundredAlbumsUITests" */;
			buildPhases = (
				C0902B6D23EEB89A0022BC3F /* Sources */,
				C0902B6E23EEB89A0022BC3F /* Frameworks */,
				C0902B6F23EEB89A0022BC3F /* Resources */,
			);
			buildRules = (
			);
			dependencies = (
				C0902B7323EEB89A0022BC3F /* PBXTargetDependency */,
			);
			name = TopHundredAlbumsUITests;
			productName = TopHundredAlbumsUITests;
			productReference = C0902B7123EEB89A0022BC3F /* TopHundredAlbumsUITests.xctest */;
			productType = "com.apple.product-type.bundle.ui-testing";
		};
/* End PBXNativeTarget section */

/* Begin PBXProject section */
		C0902B4823EEB8990022BC3F /* Project object */ = {
			isa = PBXProject;
			attributes = {
				LastSwiftUpdateCheck = 1110;
				LastUpgradeCheck = 1110;
				ORGANIZATIONNAME = "Woohyun David Lee";
				TargetAttributes = {
					C0902B4F23EEB8990022BC3F = {
						CreatedOnToolsVersion = 11.1;
					};
					C0902B6523EEB89A0022BC3F = {
						CreatedOnToolsVersion = 11.1;
						TestTargetID = C0902B4F23EEB8990022BC3F;
					};
					C0902B7023EEB89A0022BC3F = {
						CreatedOnToolsVersion = 11.1;
						TestTargetID = C0902B4F23EEB8990022BC3F;
					};
				};
			};
			buildConfigurationList = C0902B4B23EEB8990022BC3F /* Build configuration list for PBXProject "TopHundredAlbums" */;
			compatibilityVersion = "Xcode 9.3";
			developmentRegion = en;
			hasScannedForEncodings = 0;
			knownRegions = (
				en,
				Base,
			);
			mainGroup = C0902B4723EEB8990022BC3F;
			productRefGroup = C0902B5123EEB8990022BC3F /* Products */;
			projectDirPath = "";
			projectRoot = "";
			targets = (
				C0902B4F23EEB8990022BC3F /* TopHundredAlbums */,
				C0902B6523EEB89A0022BC3F /* TopHundredAlbumsTests */,
				C0902B7023EEB89A0022BC3F /* TopHundredAlbumsUITests */,
			);
		};
/* End PBXProject section */

/* Begin PBXResourcesBuildPhase section */
		C0902B4E23EEB8990022BC3F /* Resources */ = {
			isa = PBXResourcesBuildPhase;
			buildActionMask = 2147483647;
			files = (
				C0DA242223EFF78C004F1A5A /* Lato-Black.ttf in Resources */,
				C0DA242323EFF78C004F1A5A /* Lato-BlackItalic.ttf in Resources */,
				C0DA242423EFF78C004F1A5A /* Lato-Bold.ttf in Resources */,
				C0DA242523EFF78C004F1A5A /* Lato-BoldItalic.ttf in Resources */,
				C0DA242623EFF78C004F1A5A /* Lato-Italic.ttf in Resources */,
				C0DA242723EFF78C004F1A5A /* Lato-Light.ttf in Resources */,
				C0DA242823EFF78C004F1A5A /* Lato-LightItalic.ttf in Resources */,
				C0DA242923EFF78C004F1A5A /* Lato-Regular.ttf in Resources */,
				C0DA242A23EFF78C004F1A5A /* Lato-Thin.ttf in Resources */,
				C0DA242B23EFF78C004F1A5A /* Lato-ThinItalic.ttf in Resources */,
				C0902B6023EEB89A0022BC3F /* LaunchScreen.storyboard in Resources */,
				C0902B5D23EEB89A0022BC3F /* Assets.xcassets in Resources */,
			);
			runOnlyForDeploymentPostprocessing = 0;
		};
		C0902B6423EEB89A0022BC3F /* Resources */ = {
			isa = PBXResourcesBuildPhase;
			buildActionMask = 2147483647;
			files = (
			);
			runOnlyForDeploymentPostprocessing = 0;
		};
		C0902B6F23EEB89A0022BC3F /* Resources */ = {
			isa = PBXResourcesBuildPhase;
			buildActionMask = 2147483647;
			files = (
			);
			runOnlyForDeploymentPostprocessing = 0;
		};
/* End PBXResourcesBuildPhase section */

/* Begin PBXSourcesBuildPhase section */
		C0902B4C23EEB8990022BC3F /* Sources */ = {
			isa = PBXSourcesBuildPhase;
			buildActionMask = 2147483647;
			files = (
				C01A59B623EECC59001D5F7D /* AlbumCellViewModel.swift in Sources */,
				C0902B5823EEB8990022BC3F /* MainViewController.swift in Sources */,
				C0902B8623EEBCA30022BC3F /* ApiService.swift in Sources */,
				C0902B5423EEB8990022BC3F /* AppDelegate.swift in Sources */,
				C01A59B423EECB43001D5F7D /* AlbumCell.swift in Sources */,
				C0DA242F23F02DDA004F1A5A /* AlbumDetailViewController.swift in Sources */,
				C0902B5623EEB8990022BC3F /* SceneDelegate.swift in Sources */,
				C0902B8423EEBBE00022BC3F /* MainViewModel.swift in Sources */,
				C0902B8823EEC0460022BC3F /* Constants.swift in Sources */,
				C0DA243123F02EED004F1A5A /* AlbumDetailViewModel.swift in Sources */,
			);
			runOnlyForDeploymentPostprocessing = 0;
		};
		C0902B6223EEB89A0022BC3F /* Sources */ = {
			isa = PBXSourcesBuildPhase;
			buildActionMask = 2147483647;
			files = (
				C0DA242D23F01E24004F1A5A /* ApiServiceTests.swift in Sources */,
				C0902B6B23EEB89A0022BC3F /* TopHundredAlbumsTests.swift in Sources */,
			);
			runOnlyForDeploymentPostprocessing = 0;
		};
		C0902B6D23EEB89A0022BC3F /* Sources */ = {
			isa = PBXSourcesBuildPhase;
			buildActionMask = 2147483647;
			files = (
				C0902B7623EEB89A0022BC3F /* TopHundredAlbumsUITests.swift in Sources */,
			);
			runOnlyForDeploymentPostprocessing = 0;
		};
/* End PBXSourcesBuildPhase section */

/* Begin PBXTargetDependency section */
		C0902B6823EEB89A0022BC3F /* PBXTargetDependency */ = {
			isa = PBXTargetDependency;
			target = C0902B4F23EEB8990022BC3F /* TopHundredAlbums */;
			targetProxy = C0902B6723EEB89A0022BC3F /* PBXContainerItemProxy */;
		};
		C0902B7323EEB89A0022BC3F /* PBXTargetDependency */ = {
			isa = PBXTargetDependency;
			target = C0902B4F23EEB8990022BC3F /* TopHundredAlbums */;
			targetProxy = C0902B7223EEB89A0022BC3F /* PBXContainerItemProxy */;
		};
/* End PBXTargetDependency section */

/* Begin PBXVariantGroup section */
		C0902B5E23EEB89A0022BC3F /* LaunchScreen.storyboard */ = {
			isa = PBXVariantGroup;
			children = (
				C0902B5F23EEB89A0022BC3F /* Base */,
			);
			name = LaunchScreen.storyboard;
			sourceTree = "<group>";
		};
/* End PBXVariantGroup section */

/* Begin XCBuildConfiguration section */
		C0902B7823EEB89A0022BC3F /* Debug */ = {
			isa = XCBuildConfiguration;
			buildSettings = {
				ALWAYS_SEARCH_USER_PATHS = NO;
				CLANG_ANALYZER_NONNULL = YES;
				CLANG_ANALYZER_NUMBER_OBJECT_CONVERSION = YES_AGGRESSIVE;
				CLANG_CXX_LANGUAGE_STANDARD = "gnu++14";
				CLANG_CXX_LIBRARY = "libc++";
				CLANG_ENABLE_MODULES = YES;
				CLANG_ENABLE_OBJC_ARC = YES;
				CLANG_ENABLE_OBJC_WEAK = YES;
				CLANG_WARN_BLOCK_CAPTURE_AUTORELEASING = YES;
				CLANG_WARN_BOOL_CONVERSION = YES;
				CLANG_WARN_COMMA = YES;
				CLANG_WARN_CONSTANT_CONVERSION = YES;
				CLANG_WARN_DEPRECATED_OBJC_IMPLEMENTATIONS = YES;
				CLANG_WARN_DIRECT_OBJC_ISA_USAGE = YES_ERROR;
				CLANG_WARN_DOCUMENTATION_COMMENTS = YES;
				CLANG_WARN_EMPTY_BODY = YES;
				CLANG_WARN_ENUM_CONVERSION = YES;
				CLANG_WARN_INFINITE_RECURSION = YES;
				CLANG_WARN_INT_CONVERSION = YES;
				CLANG_WARN_NON_LITERAL_NULL_CONVERSION = YES;
				CLANG_WARN_OBJC_IMPLICIT_RETAIN_SELF = YES;
				CLANG_WARN_OBJC_LITERAL_CONVERSION = YES;
				CLANG_WARN_OBJC_ROOT_CLASS = YES_ERROR;
				CLANG_WARN_RANGE_LOOP_ANALYSIS = YES;
				CLANG_WARN_STRICT_PROTOTYPES = YES;
				CLANG_WARN_SUSPICIOUS_MOVE = YES;
				CLANG_WARN_UNGUARDED_AVAILABILITY = YES_AGGRESSIVE;
				CLANG_WARN_UNREACHABLE_CODE = YES;
				CLANG_WARN__DUPLICATE_METHOD_MATCH = YES;
				COPY_PHASE_STRIP = NO;
				DEBUG_INFORMATION_FORMAT = dwarf;
				ENABLE_STRICT_OBJC_MSGSEND = YES;
				ENABLE_TESTABILITY = YES;
				GCC_C_LANGUAGE_STANDARD = gnu11;
				GCC_DYNAMIC_NO_PIC = NO;
				GCC_NO_COMMON_BLOCKS = YES;
				GCC_OPTIMIZATION_LEVEL = 0;
				GCC_PREPROCESSOR_DEFINITIONS = (
					"DEBUG=1",
					"$(inherited)",
				);
				GCC_WARN_64_TO_32_BIT_CONVERSION = YES;
				GCC_WARN_ABOUT_RETURN_TYPE = YES_ERROR;
				GCC_WARN_UNDECLARED_SELECTOR = YES;
				GCC_WARN_UNINITIALIZED_AUTOS = YES_AGGRESSIVE;
				GCC_WARN_UNUSED_FUNCTION = YES;
				GCC_WARN_UNUSED_VARIABLE = YES;
				IPHONEOS_DEPLOYMENT_TARGET = 13.1;
				MTL_ENABLE_DEBUG_INFO = INCLUDE_SOURCE;
				MTL_FAST_MATH = YES;
				ONLY_ACTIVE_ARCH = YES;
				SDKROOT = iphoneos;
				SWIFT_ACTIVE_COMPILATION_CONDITIONS = DEBUG;
				SWIFT_OPTIMIZATION_LEVEL = "-Onone";
			};
			name = Debug;
		};
		C0902B7923EEB89A0022BC3F /* Release */ = {
			isa = XCBuildConfiguration;
			buildSettings = {
				ALWAYS_SEARCH_USER_PATHS = NO;
				CLANG_ANALYZER_NONNULL = YES;
				CLANG_ANALYZER_NUMBER_OBJECT_CONVERSION = YES_AGGRESSIVE;
				CLANG_CXX_LANGUAGE_STANDARD = "gnu++14";
				CLANG_CXX_LIBRARY = "libc++";
				CLANG_ENABLE_MODULES = YES;
				CLANG_ENABLE_OBJC_ARC = YES;
				CLANG_ENABLE_OBJC_WEAK = YES;
				CLANG_WARN_BLOCK_CAPTURE_AUTORELEASING = YES;
				CLANG_WARN_BOOL_CONVERSION = YES;
				CLANG_WARN_COMMA = YES;
				CLANG_WARN_CONSTANT_CONVERSION = YES;
				CLANG_WARN_DEPRECATED_OBJC_IMPLEMENTATIONS = YES;
				CLANG_WARN_DIRECT_OBJC_ISA_USAGE = YES_ERROR;
				CLANG_WARN_DOCUMENTATION_COMMENTS = YES;
				CLANG_WARN_EMPTY_BODY = YES;
				CLANG_WARN_ENUM_CONVERSION = YES;
				CLANG_WARN_INFINITE_RECURSION = YES;
				CLANG_WARN_INT_CONVERSION = YES;
				CLANG_WARN_NON_LITERAL_NULL_CONVERSION = YES;
				CLANG_WARN_OBJC_IMPLICIT_RETAIN_SELF = YES;
				CLANG_WARN_OBJC_LITERAL_CONVERSION = YES;
				CLANG_WARN_OBJC_ROOT_CLASS = YES_ERROR;
				CLANG_WARN_RANGE_LOOP_ANALYSIS = YES;
				CLANG_WARN_STRICT_PROTOTYPES = YES;
				CLANG_WARN_SUSPICIOUS_MOVE = YES;
				CLANG_WARN_UNGUARDED_AVAILABILITY = YES_AGGRESSIVE;
				CLANG_WARN_UNREACHABLE_CODE = YES;
				CLANG_WARN__DUPLICATE_METHOD_MATCH = YES;
				COPY_PHASE_STRIP = NO;
				DEBUG_INFORMATION_FORMAT = "dwarf-with-dsym";
				ENABLE_NS_ASSERTIONS = NO;
				ENABLE_STRICT_OBJC_MSGSEND = YES;
				GCC_C_LANGUAGE_STANDARD = gnu11;
				GCC_NO_COMMON_BLOCKS = YES;
				GCC_WARN_64_TO_32_BIT_CONVERSION = YES;
				GCC_WARN_ABOUT_RETURN_TYPE = YES_ERROR;
				GCC_WARN_UNDECLARED_SELECTOR = YES;
				GCC_WARN_UNINITIALIZED_AUTOS = YES_AGGRESSIVE;
				GCC_WARN_UNUSED_FUNCTION = YES;
				GCC_WARN_UNUSED_VARIABLE = YES;
				IPHONEOS_DEPLOYMENT_TARGET = 13.1;
				MTL_ENABLE_DEBUG_INFO = NO;
				MTL_FAST_MATH = YES;
				SDKROOT = iphoneos;
				SWIFT_COMPILATION_MODE = wholemodule;
				SWIFT_OPTIMIZATION_LEVEL = "-O";
				VALIDATE_PRODUCT = YES;
			};
			name = Release;
		};
		C0902B7B23EEB89A0022BC3F /* Debug */ = {
			isa = XCBuildConfiguration;
			buildSettings = {
				ASSETCATALOG_COMPILER_APPICON_NAME = AppIcon;
				CODE_SIGN_STYLE = Automatic;
				DEVELOPMENT_TEAM = 6DKW9GEJU7;
				INFOPLIST_FILE = TopHundredAlbums/Info.plist;
				LD_RUNPATH_SEARCH_PATHS = (
					"$(inherited)",
					"@executable_path/Frameworks",
				);
				PRODUCT_BUNDLE_IDENTIFIER = demo.TopHundredAlbums;
				PRODUCT_NAME = "$(TARGET_NAME)";
				SWIFT_VERSION = 5.0;
				TARGETED_DEVICE_FAMILY = "1,2";
			};
			name = Debug;
		};
		C0902B7C23EEB89A0022BC3F /* Release */ = {
			isa = XCBuildConfiguration;
			buildSettings = {
				ASSETCATALOG_COMPILER_APPICON_NAME = AppIcon;
				CODE_SIGN_STYLE = Automatic;
				DEVELOPMENT_TEAM = 6DKW9GEJU7;
				INFOPLIST_FILE = TopHundredAlbums/Info.plist;
				LD_RUNPATH_SEARCH_PATHS = (
					"$(inherited)",
					"@executable_path/Frameworks",
				);
				PRODUCT_BUNDLE_IDENTIFIER = demo.TopHundredAlbums;
				PRODUCT_NAME = "$(TARGET_NAME)";
				SWIFT_VERSION = 5.0;
				TARGETED_DEVICE_FAMILY = "1,2";
			};
			name = Release;
		};
		C0902B7E23EEB89A0022BC3F /* Debug */ = {
			isa = XCBuildConfiguration;
			buildSettings = {
				ALWAYS_EMBED_SWIFT_STANDARD_LIBRARIES = YES;
				BUNDLE_LOADER = "$(TEST_HOST)";
				CODE_SIGN_STYLE = Automatic;
				DEVELOPMENT_TEAM = 6DKW9GEJU7;
				INFOPLIST_FILE = TopHundredAlbumsTests/Info.plist;
				IPHONEOS_DEPLOYMENT_TARGET = 13.1;
				LD_RUNPATH_SEARCH_PATHS = (
					"$(inherited)",
					"@executable_path/Frameworks",
					"@loader_path/Frameworks",
				);
				PRODUCT_BUNDLE_IDENTIFIER = demo.TopHundredAlbumsTests;
				PRODUCT_NAME = "$(TARGET_NAME)";
				SWIFT_VERSION = 5.0;
				TARGETED_DEVICE_FAMILY = "1,2";
				TEST_HOST = "$(BUILT_PRODUCTS_DIR)/TopHundredAlbums.app/TopHundredAlbums";
			};
			name = Debug;
		};
		C0902B7F23EEB89A0022BC3F /* Release */ = {
			isa = XCBuildConfiguration;
			buildSettings = {
				ALWAYS_EMBED_SWIFT_STANDARD_LIBRARIES = YES;
				BUNDLE_LOADER = "$(TEST_HOST)";
				CODE_SIGN_STYLE = Automatic;
				DEVELOPMENT_TEAM = 6DKW9GEJU7;
				INFOPLIST_FILE = TopHundredAlbumsTests/Info.plist;
				IPHONEOS_DEPLOYMENT_TARGET = 13.1;
				LD_RUNPATH_SEARCH_PATHS = (
					"$(inherited)",
					"@executable_path/Frameworks",
					"@loader_path/Frameworks",
				);
				PRODUCT_BUNDLE_IDENTIFIER = demo.TopHundredAlbumsTests;
				PRODUCT_NAME = "$(TARGET_NAME)";
				SWIFT_VERSION = 5.0;
				TARGETED_DEVICE_FAMILY = "1,2";
				TEST_HOST = "$(BUILT_PRODUCTS_DIR)/TopHundredAlbums.app/TopHundredAlbums";
			};
			name = Release;
		};
		C0902B8123EEB89A0022BC3F /* Debug */ = {
			isa = XCBuildConfiguration;
			buildSettings = {
				ALWAYS_EMBED_SWIFT_STANDARD_LIBRARIES = YES;
				CODE_SIGN_STYLE = Automatic;
				DEVELOPMENT_TEAM = 6DKW9GEJU7;
				INFOPLIST_FILE = TopHundredAlbumsUITests/Info.plist;
				LD_RUNPATH_SEARCH_PATHS = (
					"$(inherited)",
					"@executable_path/Frameworks",
					"@loader_path/Frameworks",
				);
				PRODUCT_BUNDLE_IDENTIFIER = demo.TopHundredAlbumsUITests;
				PRODUCT_NAME = "$(TARGET_NAME)";
				SWIFT_VERSION = 5.0;
				TARGETED_DEVICE_FAMILY = "1,2";
				TEST_TARGET_NAME = TopHundredAlbums;
			};
			name = Debug;
		};
		C0902B8223EEB89A0022BC3F /* Release */ = {
			isa = XCBuildConfiguration;
			buildSettings = {
				ALWAYS_EMBED_SWIFT_STANDARD_LIBRARIES = YES;
				CODE_SIGN_STYLE = Automatic;
				DEVELOPMENT_TEAM = 6DKW9GEJU7;
				INFOPLIST_FILE = TopHundredAlbumsUITests/Info.plist;
				LD_RUNPATH_SEARCH_PATHS = (
					"$(inherited)",
					"@executable_path/Frameworks",
					"@loader_path/Frameworks",
				);
				PRODUCT_BUNDLE_IDENTIFIER = demo.TopHundredAlbumsUITests;
				PRODUCT_NAME = "$(TARGET_NAME)";
				SWIFT_VERSION = 5.0;
				TARGETED_DEVICE_FAMILY = "1,2";
				TEST_TARGET_NAME = TopHundredAlbums;
			};
			name = Release;
		};
/* End XCBuildConfiguration section */

/* Begin XCConfigurationList section */
		C0902B4B23EEB8990022BC3F /* Build configuration list for PBXProject "TopHundredAlbums" */ = {
			isa = XCConfigurationList;
			buildConfigurations = (
				C0902B7823EEB89A0022BC3F /* Debug */,
				C0902B7923EEB89A0022BC3F /* Release */,
			);
			defaultConfigurationIsVisible = 0;
			defaultConfigurationName = Release;
		};
		C0902B7A23EEB89A0022BC3F /* Build configuration list for PBXNativeTarget "TopHundredAlbums" */ = {
			isa = XCConfigurationList;
			buildConfigurations = (
				C0902B7B23EEB89A0022BC3F /* Debug */,
				C0902B7C23EEB89A0022BC3F /* Release */,
			);
			defaultConfigurationIsVisible = 0;
			defaultConfigurationName = Release;
		};
		C0902B7D23EEB89A0022BC3F /* Build configuration list for PBXNativeTarget "TopHundredAlbumsTests" */ = {
			isa = XCConfigurationList;
			buildConfigurations = (
				C0902B7E23EEB89A0022BC3F /* Debug */,
				C0902B7F23EEB89A0022BC3F /* Release */,
			);
			defaultConfigurationIsVisible = 0;
			defaultConfigurationName = Release;
		};
		C0902B8023EEB89A0022BC3F /* Build configuration list for PBXNativeTarget "TopHundredAlbumsUITests" */ = {
			isa = XCConfigurationList;
			buildConfigurations = (
				C0902B8123EEB89A0022BC3F /* Debug */,
				C0902B8223EEB89A0022BC3F /* Release */,
			);
			defaultConfigurationIsVisible = 0;
			defaultConfigurationName = Release;
		};
/* End XCConfigurationList section */
	};
	rootObject = C0902B4823EEB8990022BC3F /* Project object */;
}
